
Microsoft Visual Studio Solution File, Format Version 12.00
# Visual Studio Version 16
VisualStudioVersion = 16.0.30011.22
MinimumVisualStudioVersion = 10.0.40219.1
Project("{FAE04EC0-301F-11D3-BF4B-00C04F79EFBC}") = "zxcv", "zxcv\zxcv.csproj", "{EC86B50C-B2AB-4DCD-BB79-220EF6994C1F}"
EndProject
Global
	GlobalSection(SolutionConfigurationPlatforms) = preSolution
		Debug|Any CPU = Debug|Any CPU
		Release|Any CPU = Release|Any CPU
	EndGlobalSection
	GlobalSection(ProjectConfigurationPlatforms) = postSolution
		{EC86B50C-B2AB-4DCD-BB79-220EF6994C1F}.Debug|Any CPU.ActiveCfg = Debug|Any CPU
		{EC86B50C-B2AB-4DCD-BB79-220EF6994C1F}.Debug|Any CPU.Build.0 = Debug|Any CPU
		{EC86B50C-B2AB-4DCD-BB79-220EF6994C1F}.Release|Any CPU.ActiveCfg = Release|Any CPU
		{EC86B50C-B2AB-4DCD-BB79-220EF6994C1F}.Release|Any CPU.Build.0 = Release|Any CPU
	EndGlobalSection
	GlobalSection(SolutionProperties) = preSolution
		HideSolutionNode = FALSE
	EndGlobalSection
	GlobalSection(ExtensibilityGlobals) = postSolution
		SolutionGuid = {8FC70807-A42A-4443-8D01-CA91F105E477}
	EndGlobalSection
EndGlobal
